PODS:
  - card_recognizer_ffi (0.0.1):
    - Flutter
  - Flutter (1.0.0)

DEPENDENCIES:
  - card_recognizer_ffi (from `.symlinks/plugins/card_recognizer_ffi/ios`)
  - Flutter (from `Flutter`)

EXTERNAL SOURCES:
  card_recognizer_ffi:
    :path: ".symlinks/plugins/card_recognizer_ffi/ios"
  Flutter:
    :path: Flutter

SPEC CHECKSUMS:
  card_recognizer_ffi: 687fca97c2ec4fd57d8de5838164b235eccb64bc
  Flutter: e0871f40cf51350855a761d2e70bf5af5b9b5de7

PODFILE CHECKSUM: 4bb0d5af7b0a7a18570b26cd09a55bf9a905f81f

COCOAPODS: 1.15.2
